
Microsoft Visual Studio Solution File, Format Version 12.00
# Visual Studio Version 16
VisualStudioVersion = 16.0.28922.388
MinimumVisualStudioVersion = 10.0.40219.1
Project("{FAE04EC0-301F-11D3-BF4B-00C04F79EFBC}") = "RemoteAcessServer", "RemoteAcessServer\RemoteAcessServer.csproj", "{D9309FB1-F4BF-49C8-B96F-F811ADA69CD3}"
EndProject
Project("{FAE04EC0-301F-11D3-BF4B-00C04F79EFBC}") = "RemoteAcessClient", "RemoteAcessClient\RemoteAcessClient.csproj", "{2CC858D2-259E-4F9B-BC9F-085B13FD7F54}"
EndProject
Global
	GlobalSection(SolutionConfigurationPlatforms) = preSolution
		Debug|Any CPU = Debug|Any CPU
		Release|Any CPU = Release|Any CPU
	EndGlobalSection
	GlobalSection(ProjectConfigurationPlatforms) = postSolution
		{D9309FB1-F4BF-49C8-B96F-F811ADA69CD3}.Debug|Any CPU.ActiveCfg = Debug|Any CPU
		{D9309FB1-F4BF-49C8-B96F-F811ADA69CD3}.Debug|Any CPU.Build.0 = Debug|Any CPU
		{D9309FB1-F4BF-49C8-B96F-F811ADA69CD3}.Release|Any CPU.ActiveCfg = Release|Any CPU
		{D9309FB1-F4BF-49C8-B96F-F811ADA69CD3}.Release|Any CPU.Build.0 = Release|Any CPU
		{2CC858D2-259E-4F9B-BC9F-085B13FD7F54}.Debug|Any CPU.ActiveCfg = Debug|Any CPU
		{2CC858D2-259E-4F9B-BC9F-085B13FD7F54}.Debug|Any CPU.Build.0 = Debug|Any CPU
		{2CC858D2-259E-4F9B-BC9F-085B13FD7F54}.Release|Any CPU.ActiveCfg = Release|Any CPU
		{2CC858D2-259E-4F9B-BC9F-085B13FD7F54}.Release|Any CPU.Build.0 = Release|Any CPU
	EndGlobalSection
	GlobalSection(SolutionProperties) = preSolution
		HideSolutionNode = FALSE
	EndGlobalSection
	GlobalSection(ExtensibilityGlobals) = postSolution
		SolutionGuid = {47593F90-3E3A-4E49-876E-6AA0699D82C7}
	EndGlobalSection
EndGlobal
